
Microsoft Visual Studio Solution File, Format Version 12.00
# Visual Studio 14
VisualStudioVersion = 14.0.23107.0
MinimumVisualStudioVersion = 10.0.40219.1
Project("{FAE04EC0-301F-11D3-BF4B-00C04F79EFBC}") = "Question2", "WindowsNeuralNetworks\Question2.csproj", "{706122E7-351C-4DA0-87F3-4C35A0EB5DD1}"
EndProject
Project("{FAE04EC0-301F-11D3-BF4B-00C04F79EFBC}") = "Question1", "..\Perceptron\Perceptron1couche\Perceptron1couche\Question1.csproj", "{2BE5742A-9096-4729-A7B3-A2FA20696758}"
EndProject
Project("{FAE04EC0-301F-11D3-BF4B-00C04F79EFBC}") = "Question3", "Question3\Question3.csproj", "{ED514780-95D9-482C-846F-5159772667B0}"
EndProject
Global
	GlobalSection(SolutionConfigurationPlatforms) = preSolution
		Debug|Any CPU = Debug|Any CPU
		Debug|x86 = Debug|x86
		Release|Any CPU = Release|Any CPU
		Release|x86 = Release|x86
	EndGlobalSection
	GlobalSection(ProjectConfigurationPlatforms) = postSolution
		{706122E7-351C-4DA0-87F3-4C35A0EB5DD1}.Debug|Any CPU.ActiveCfg = Debug|x86
		{706122E7-351C-4DA0-87F3-4C35A0EB5DD1}.Debug|x86.ActiveCfg = Debug|x86
		{706122E7-351C-4DA0-87F3-4C35A0EB5DD1}.Debug|x86.Build.0 = Debug|x86
		{706122E7-351C-4DA0-87F3-4C35A0EB5DD1}.Release|Any CPU.ActiveCfg = Release|x86
		{706122E7-351C-4DA0-87F3-4C35A0EB5DD1}.Release|x86.ActiveCfg = Release|x86
		{706122E7-351C-4DA0-87F3-4C35A0EB5DD1}.Release|x86.Build.0 = Release|x86
		{2BE5742A-9096-4729-A7B3-A2FA20696758}.Debug|Any CPU.ActiveCfg = Debug|Any CPU
		{2BE5742A-9096-4729-A7B3-A2FA20696758}.Debug|Any CPU.Build.0 = Debug|Any CPU
		{2BE5742A-9096-4729-A7B3-A2FA20696758}.Debug|x86.ActiveCfg = Debug|Any CPU
		{2BE5742A-9096-4729-A7B3-A2FA20696758}.Debug|x86.Build.0 = Debug|Any CPU
		{2BE5742A-9096-4729-A7B3-A2FA20696758}.Release|Any CPU.ActiveCfg = Release|Any CPU
		{2BE5742A-9096-4729-A7B3-A2FA20696758}.Release|Any CPU.Build.0 = Release|Any CPU
		{2BE5742A-9096-4729-A7B3-A2FA20696758}.Release|x86.ActiveCfg = Release|Any CPU
		{2BE5742A-9096-4729-A7B3-A2FA20696758}.Release|x86.Build.0 = Release|Any CPU
		{ED514780-95D9-482C-846F-5159772667B0}.Debug|Any CPU.ActiveCfg = Debug|Any CPU
		{ED514780-95D9-482C-846F-5159772667B0}.Debug|Any CPU.Build.0 = Debug|Any CPU
		{ED514780-95D9-482C-846F-5159772667B0}.Debug|x86.ActiveCfg = Debug|Any CPU
		{ED514780-95D9-482C-846F-5159772667B0}.Debug|x86.Build.0 = Debug|Any CPU
		{ED514780-95D9-482C-846F-5159772667B0}.Release|Any CPU.ActiveCfg = Release|Any CPU
		{ED514780-95D9-482C-846F-5159772667B0}.Release|Any CPU.Build.0 = Release|Any CPU
		{ED514780-95D9-482C-846F-5159772667B0}.Release|x86.ActiveCfg = Release|Any CPU
		{ED514780-95D9-482C-846F-5159772667B0}.Release|x86.Build.0 = Release|Any CPU
	EndGlobalSection
	GlobalSection(SolutionProperties) = preSolution
		HideSolutionNode = FALSE
	EndGlobalSection
EndGlobal
